
Microsoft Visual Studio Solution File, Format Version 12.00
# Visual Studio Version 17
VisualStudioVersion = 17.9.34728.123
MinimumVisualStudioVersion = 10.0.40219.1
Project("{FAE04EC0-301F-11D3-BF4B-00C04F79EFBC}") = "Mafan", "Mafan\Mafan.csproj", "{787A8A60-AD72-4AD9-BCD1-8C60CF2F193D}"
EndProject
Global
	GlobalSection(SolutionConfigurationPlatforms) = preSolution
		Debug|Any CPU = Debug|Any CPU
		Release|Any CPU = Release|Any CPU
	EndGlobalSection
	GlobalSection(ProjectConfigurationPlatforms) = postSolution
		{787A8A60-AD72-4AD9-BCD1-8C60CF2F193D}.Debug|Any CPU.ActiveCfg = Debug|Any CPU
		{787A8A60-AD72-4AD9-BCD1-8C60CF2F193D}.Debug|Any CPU.Build.0 = Debug|Any CPU
		{787A8A60-AD72-4AD9-BCD1-8C60CF2F193D}.Release|Any CPU.ActiveCfg = Release|Any CPU
		{787A8A60-AD72-4AD9-BCD1-8C60CF2F193D}.Release|Any CPU.Build.0 = Release|Any CPU
	EndGlobalSection
	GlobalSection(SolutionProperties) = preSolution
		HideSolutionNode = FALSE
	EndGlobalSection
	GlobalSection(ExtensibilityGlobals) = postSolution
		SolutionGuid = {B13C6E74-C2C5-424C-BA61-4BDB826EDA63}
	EndGlobalSection
EndGlobal
